<?xml version="1.0" encoding="utf-8"?>
<Project ToolsVersion="4.0" xmlns="http://schemas.microsoft.com/developer/msbuild/2003">
  <ItemGroup>
    <Filter Include="Resource Files">
      <UniqueIdentifier>{D9D6E242-F8AF-46E4-B9FD-80ECBC20BA3E}</UniqueIdentifier>
      <Extensions>qrc;*</Extensions>
      <ParseFiles>false</ParseFiles>
    </Filter>
    <Filter Include="Form Files">
      <UniqueIdentifier>{99349809-55BA-4b9d-BF79-8FDBB0286EB3}</UniqueIdentifier>
      <Extensions>ui</Extensions>
    </Filter>
    <Filter Include="Resource Files">
      <UniqueIdentifier>{D9D6E242-F8AF-46E4-B9FD-80ECBC20BA3E}</UniqueIdentifier>
      <Extensions>qrc;*</Extensions>
      <ParseFiles>false</ParseFiles>
    </Filter>
    <Filter Include="Generated Files">
      <UniqueIdentifier>{71ED8ED8-ACB9-4CE9-BBE1-E00B30144E11}</UniqueIdentifier>
      <Extensions>moc;h;cpp</Extensions>
      <SourceControlFiles>False</SourceControlFiles>
    </Filter>
    <Filter Include="src">
      <UniqueIdentifier>{34549aab-f43c-437d-9ebe-62a8bc780b9f}</UniqueIdentifier>
    </Filter>
    <Filter Include="src\Core">
      <UniqueIdentifier>{fb76705e-255b-47c1-9e91-d1f594fa517f}</UniqueIdentifier>
    </Filter>
    <Filter Include="src\GUI">
      <UniqueIdentifier>{a6abf170-9201-4336-a48c-5e98595cc0bd}</UniqueIdentifier>
    </Filter>
    <Filter Include="src\ThirdParty">
      <UniqueIdentifier>{c08a3676-16d6-4fb2-a16b-02581f9f907b}</UniqueIdentifier>
    </Filter>
    <Filter Include="src\Core\SheetLayout">
      <UniqueIdentifier>{e2bab977-72c2-4f56-b6ac-bae9213c315c}</UniqueIdentifier>
    </Filter>
    <Filter Include="src\Core\ImageProcessing">
      <UniqueIdentifier>{4b362ca3-6e65-41d2-8dd6-b6293175e69b}</UniqueIdentifier>
    </Filter>
  </ItemGroup>
  <ItemGroup>
    <ClCompile Include="src\Core\SheetLayout\BubbleLayout.cxx">
      <Filter>src\Core\SheetLayout</Filter>
    </ClCompile>
    <ClCompile Include="src\Core\DetectionParams.cxx">
      <Filter>src\Core</Filter>
    </ClCompile>
    <ClCompile Include="src\Core\Exam.cxx">
      <Filter>src\Core</Filter>
    </ClCompile>
    <ClCompile Include="src\Core\ExamConfig.cxx">
      <Filter>src\Core</Filter>
    </ClCompile>
    <ClCompile Include="src\GUI\FilenameOracle.cxx">
      <Filter>src\GUI</Filter>
    </ClCompile>
    <ClCompile Include="src\Core\SheetLayout\GroupLayout.cxx">
      <Filter>src\Core\SheetLayout</Filter>
    </ClCompile>
    <ClCompile Include="src\Core\SheetLayout\SideLayout.cxx">
      <Filter>src\Core\SheetLayout</Filter>
    </ClCompile>
    <ClCompile Include="src\Core\SheetLayout\SheetLayoutElement.cxx">
      <Filter>src\Core\SheetLayout</Filter>
    </ClCompile>
    <ClCompile Include="src\Core\SheetLayout\QuestionLayout.cxx">
      <Filter>src\Core\SheetLayout</Filter>
    </ClCompile>
    <ClCompile Include="src\Core\SheetLayout\LayoutElementContainer.cxx">
      <Filter>src\Core\SheetLayout</Filter>
    </ClCompile>
    <ClCompile Include="src\Core\ImageProcessing\Image.cxx">
      <Filter>src\Core\ImageProcessing</Filter>
    </ClCompile>
    <ClCompile Include="src\Core\SheetScan.cxx">
      <Filter>src\Core</Filter>
    </ClCompile>
    <ClCompile Include="src\Core\TextLogging.cxx">
      <Filter>src\Core</Filter>
    </ClCompile>
    <ClCompile Include="src\GUI\SheetLayoutEditor.cxx">
      <Filter>src\GUI</Filter>
    </ClCompile>
    <ClCompile Include="src\GUI\ScantronReader.cxx">
      <Filter>src\GUI</Filter>
    </ClCompile>
    <ClCompile Include="src\GUI\QtLogging.cxx">
      <Filter>src\GUI</Filter>
    </ClCompile>
    <ClCompile Include="src\GUI\main.cxx">
      <Filter>src\GUI</Filter>
    </ClCompile>
    <ClCompile Include="src\ThirdParty\pugixml.cpp">
      <Filter>src\ThirdParty</Filter>
    </ClCompile>
    <ClCompile Include="src\Core\Rectangle.cxx">
      <Filter>src\Core</Filter>
    </ClCompile>
    <ClCompile Include="src\Core\SheetLayout\ScanSheetLayout.cxx">
      <Filter>src\Core\SheetLayout</Filter>
    </ClCompile>
  </ItemGroup>
  <ItemGroup>
    <QtMoc Include="src\GUI\SheetLayoutEditor.hxx">
      <Filter>src\GUI</Filter>
    </QtMoc>
    <QtMoc Include="src\GUI\ScantronReader.hxx">
      <Filter>src\GUI</Filter>
    </QtMoc>
  </ItemGroup>
  <ItemGroup>
    <QtUic Include="src\GUI\ScantronReader.ui">
      <Filter>Form Files</Filter>
    </QtUic>
    <QtUic Include="src\GUI\SheetLayoutEditor.ui">
      <Filter>Form Files</Filter>
    </QtUic>
  </ItemGroup>
  <ItemGroup>
    <QtRcc Include="ScantronReader.qrc">
      <Filter>Resource Files</Filter>
    </QtRcc>
  </ItemGroup>
  <ItemGroup>
    <ClInclude Include="src\Core\SheetLayout\BubbleLayout.hxx">
      <Filter>src\Core\SheetLayout</Filter>
    </ClInclude>
    <ClInclude Include="src\Core\SheetLayout\GroupLayout.hxx">
      <Filter>src\Core\SheetLayout</Filter>
    </ClInclude>
    <ClInclude Include="src\Core\SheetLayout\QuestionLayout.hxx">
      <Filter>src\Core\SheetLayout</Filter>
    </ClInclude>
    <ClInclude Include="src\Core\SheetLayout\ScanSheetLayout.hxx">
      <Filter>src\Core\SheetLayout</Filter>
    </ClInclude>
    <ClInclude Include="src\Core\SheetLayout\SideLayout.hxx">
      <Filter>src\Core\SheetLayout</Filter>
    </ClInclude>
    <ClInclude Include="src\Core\TextLogging.hxx">
      <Filter>src\Core</Filter>
    </ClInclude>
    <ClInclude Include="src\Core\ImageProcessing\Image.hxx">
      <Filter>src\Core\ImageProcessing</Filter>
    </ClInclude>
    <ClInclude Include="src\Core\ImageProcessing\ImageFilter.hxx">
      <Filter>src\Core\ImageProcessing</Filter>
    </ClInclude>
    <ClInclude Include="src\Core\SheetLayout\LayoutElementContainer.hxx">
      <Filter>src\Core\SheetLayout</Filter>
    </ClInclude>
    <ClInclude Include="src\Core\DetectionParams.hxx">
      <Filter>src\Core</Filter>
    </ClInclude>
    <ClInclude Include="src\Core\Exam.hxx">
      <Filter>src\Core</Filter>
    </ClInclude>
    <ClInclude Include="src\Core\ExamConfig.hxx">
      <Filter>src\Core</Filter>
    </ClInclude>
    <ClInclude Include="src\ThirdParty\pugiconfig.hpp">
      <Filter>src\ThirdParty</Filter>
    </ClInclude>
    <ClInclude Include="src\ThirdParty\pugixml.hpp">
      <Filter>src\ThirdParty</Filter>
    </ClInclude>
    <ClInclude Include="src\GUI\QtLogging.hxx">
      <Filter>src\GUI</Filter>
    </ClInclude>
    <ClInclude Include="src\Core\Rectangle.hxx">
      <Filter>src\Core</Filter>
    </ClInclude>
    <ClInclude Include="src\Core\SheetScan.hxx">
      <Filter>src\Core</Filter>
    </ClInclude>
    <ClInclude Include="src\Core\SheetLayout\SheetLayoutElement.hxx">
      <Filter>src\Core\SheetLayout</Filter>
    </ClInclude>
    <ClInclude Include="src\GUI\FilenameOracle.hxx">
      <Filter>src\GUI</Filter>
    </ClInclude>
  </ItemGroup>
</Project>