<?xml version="1.0" encoding="utf-8"?>
<Project ToolsVersion="4.0" xmlns="http://schemas.microsoft.com/developer/msbuild/2003">
  <ItemGroup>
    <Filter Include="Source Files">
      <UniqueIdentifier>{4FC737F1-C7A5-4376-A066-2A32D752A2FF}</UniqueIdentifier>
      <Extensions>cpp;c;cc;cxx;def;odl;idl;hpj;bat;asm;asmx</Extensions>
    </Filter>
    <Filter Include="Header Files">
      <UniqueIdentifier>{93995380-89BD-4b04-88EB-625FBE52EBFB}</UniqueIdentifier>
      <Extensions>h;hh;hpp;hxx;hm;inl;inc;xsd</Extensions>
    </Filter>
    <Filter Include="Resource Files">
      <UniqueIdentifier>{D9D6E242-F8AF-46E4-B9FD-80ECBC20BA3E}</UniqueIdentifier>
      <Extensions>qrc;*</Extensions>
      <ParseFiles>false</ParseFiles>
    </Filter>
    <Filter Include="Form Files">
      <UniqueIdentifier>{99349809-55BA-4b9d-BF79-8FDBB0286EB3}</UniqueIdentifier>
      <Extensions>ui</Extensions>
    </Filter>
    <Filter Include="Resource Files">
      <UniqueIdentifier>{D9D6E242-F8AF-46E4-B9FD-80ECBC20BA3E}</UniqueIdentifier>
      <Extensions>qrc;*</Extensions>
      <ParseFiles>false</ParseFiles>
    </Filter>
    <Filter Include="Generated Files">
      <UniqueIdentifier>{71ED8ED8-ACB9-4CE9-BBE1-E00B30144E11}</UniqueIdentifier>
      <Extensions>moc;h;cpp</Extensions>
      <SourceControlFiles>False</SourceControlFiles>
    </Filter>
    <Filter Include="Source Files\rec">
      <UniqueIdentifier>{04649cab-ffe4-4cce-8881-1844a355b061}</UniqueIdentifier>
    </Filter>
  </ItemGroup>
  <ItemGroup>
    <ClCompile Include="pugixml.cpp">
      <Filter>Source Files</Filter>
    </ClCompile>
    <ClCompile Include="TextLogging.cxx">
      <Filter>Source Files</Filter>
    </ClCompile>
    <ClCompile Include="SheetLayout.cxx">
      <Filter>Source Files</Filter>
    </ClCompile>
    <ClCompile Include="main.cxx">
      <Filter>Source Files</Filter>
    </ClCompile>
    <ClCompile Include="Reader.cxx">
      <Filter>Source Files</Filter>
    </ClCompile>
    <ClCompile Include="ScantronReader.cxx">
      <Filter>Source Files</Filter>
    </ClCompile>
    <ClCompile Include="SheetScan.cxx">
      <Filter>Source Files</Filter>
    </ClCompile>
    <ClCompile Include="DetectionParams.cxx">
      <Filter>Source Files</Filter>
    </ClCompile>
    <ClCompile Include="Exam.cxx">
      <Filter>Source Files</Filter>
    </ClCompile>
    <ClCompile Include="FilenameOracle.cxx">
      <Filter>Source Files</Filter>
    </ClCompile>
    <ClCompile Include="ExamConfig.cxx">
      <Filter>Source Files</Filter>
    </ClCompile>
    <ClCompile Include="SheetLayoutEditor.cxx">
      <Filter>Source Files</Filter>
    </ClCompile>
    <ClCompile Include="QtLogging.cxx">
      <Filter>Source Files</Filter>
    </ClCompile>
    <ClCompile Include="UnassignedLayoutElements.cxx">
      <Filter>Source Files</Filter>
    </ClCompile>
    <ClCompile Include="SheetLayoutTreeBuilder.cxx">
      <Filter>Source Files</Filter>
    </ClCompile>
  </ItemGroup>
  <ItemGroup>
    <QtMoc Include="ScantronReader.hxx">
      <Filter>Header Files</Filter>
    </QtMoc>
    <QtMoc Include="SheetLayoutEditor.hxx">
      <Filter>Header Files</Filter>
    </QtMoc>
  </ItemGroup>
  <ItemGroup>
    <QtUic Include="ScantronReader.ui">
      <Filter>Form Files</Filter>
    </QtUic>
    <QtUic Include="SheetLayoutEditor.ui">
      <Filter>Form Files</Filter>
    </QtUic>
  </ItemGroup>
  <ItemGroup>
    <QtRcc Include="ScantronReader.qrc">
      <Filter>Resource Files</Filter>
    </QtRcc>
  </ItemGroup>
  <ItemGroup>
    <ClInclude Include="pugiconfig.hpp">
      <Filter>Header Files</Filter>
    </ClInclude>
    <ClInclude Include="pugixml.hpp">
      <Filter>Header Files</Filter>
    </ClInclude>
    <ClInclude Include="TextLogging.hxx">
      <Filter>Header Files</Filter>
    </ClInclude>
    <ClInclude Include="SheetLayout.hxx">
      <Filter>Header Files</Filter>
    </ClInclude>
    <ClInclude Include="Reader.hxx">
      <Filter>Header Files</Filter>
    </ClInclude>
    <ClInclude Include="SheetScan.hxx">
      <Filter>Header Files</Filter>
    </ClInclude>
    <ClInclude Include="DetectionParams.hxx">
      <Filter>Header Files</Filter>
    </ClInclude>
    <ClInclude Include="Exam.hxx">
      <Filter>Header Files</Filter>
    </ClInclude>
    <ClInclude Include="FilenameOracle.hxx">
      <Filter>Header Files</Filter>
    </ClInclude>
    <ClInclude Include="ExamConfig.hxx">
      <Filter>Header Files</Filter>
    </ClInclude>
    <ClInclude Include="QtLogging.hxx">
      <Filter>Header Files</Filter>
    </ClInclude>
    <ClInclude Include="UnassignedLayoutElements.hxx">
      <Filter>Header Files</Filter>
    </ClInclude>
    <ClInclude Include="SheetLayoutTreeBuilder.hxx">
      <Filter>Header Files</Filter>
    </ClInclude>
  </ItemGroup>
  <ItemGroup>
    <Image Include="scantronTest2.png" />
    <Image Include="empty.png" />
  </ItemGroup>
</Project>