<?xml version="1.0" encoding="utf-8"?>
<Project ToolsVersion="4.0" xmlns="http://schemas.microsoft.com/developer/msbuild/2003">
  <ItemGroup>
    <Filter Include="Source Files">
      <UniqueIdentifier>{4FC737F1-C7A5-4376-A066-2A32D752A2FF}</UniqueIdentifier>
      <Extensions>cpp;c;cc;cxx;def;odl;idl;hpj;bat;asm;asmx</Extensions>
    </Filter>
    <Filter Include="Header Files">
      <UniqueIdentifier>{93995380-89BD-4b04-88EB-625FBE52EBFB}</UniqueIdentifier>
      <Extensions>h;hh;hpp;hxx;hm;inl;inc;xsd</Extensions>
    </Filter>
    <Filter Include="Resource Files">
      <UniqueIdentifier>{D9D6E242-F8AF-46E4-B9FD-80ECBC20BA3E}</UniqueIdentifier>
      <Extensions>qrc;*</Extensions>
      <ParseFiles>false</ParseFiles>
    </Filter>
    <Filter Include="Form Files">
      <UniqueIdentifier>{99349809-55BA-4b9d-BF79-8FDBB0286EB3}</UniqueIdentifier>
      <Extensions>ui</Extensions>
    </Filter>
    <Filter Include="Resource Files">
      <UniqueIdentifier>{D9D6E242-F8AF-46E4-B9FD-80ECBC20BA3E}</UniqueIdentifier>
      <Extensions>qrc;*</Extensions>
      <ParseFiles>false</ParseFiles>
    </Filter>
    <Filter Include="Generated Files">
      <UniqueIdentifier>{71ED8ED8-ACB9-4CE9-BBE1-E00B30144E11}</UniqueIdentifier>
      <Extensions>moc;h;cpp</Extensions>
      <SourceControlFiles>False</SourceControlFiles>
    </Filter>
    <Filter Include="Source Files\rec">
      <UniqueIdentifier>{04649cab-ffe4-4cce-8881-1844a355b061}</UniqueIdentifier>
    </Filter>
  </ItemGroup>
  <ItemGroup>
    <ClCompile Include="src\Core\DetectionParams.cxx">
      <Filter>Source Files</Filter>
    </ClCompile>
    <ClCompile Include="src\Core\Exam.cxx">
      <Filter>Source Files</Filter>
    </ClCompile>
    <ClCompile Include="src\Core\ExamConfig.cxx">
      <Filter>Source Files</Filter>
    </ClCompile>
    <ClCompile Include="src\GUI\FilenameOracle.cxx">
      <Filter>Source Files</Filter>
    </ClCompile>
    <ClCompile Include="src\GUI\main.cxx">
      <Filter>Source Files</Filter>
    </ClCompile>
    <ClCompile Include="src\ThirdParty\pugixml.cpp">
      <Filter>Source Files</Filter>
    </ClCompile>
    <ClCompile Include="src\GUI\QtLogging.cxx">
      <Filter>Source Files</Filter>
    </ClCompile>
    <ClCompile Include="src\GUI\ScantronReader.cxx">
      <Filter>Source Files</Filter>
    </ClCompile>
    <ClCompile Include="src\GUI\SheetLayoutEditor.cxx">
      <Filter>Source Files</Filter>
    </ClCompile>
    <ClCompile Include="src\Core\TextLogging.cxx">
      <Filter>Source Files</Filter>
    </ClCompile>
    <ClCompile Include="SheetLayoutElement.cxx">
      <Filter>Source Files</Filter>
    </ClCompile>
    <ClCompile Include="BubbleLayout.cxx">
      <Filter>Source Files</Filter>
    </ClCompile>
    <ClCompile Include="QuestionLayout.cxx">
      <Filter>Source Files</Filter>
    </ClCompile>
    <ClCompile Include="GroupLayout.cxx">
      <Filter>Source Files</Filter>
    </ClCompile>
    <ClCompile Include="SideLayout.cxx">
      <Filter>Source Files</Filter>
    </ClCompile>
    <ClCompile Include="ScanSheetLayout.cxx">
      <Filter>Source Files</Filter>
    </ClCompile>
    <ClCompile Include="src\Core\SheetScan.cxx">
      <Filter>Source Files</Filter>
    </ClCompile>
    <ClCompile Include="LayoutElementContainer.cxx">
      <Filter>Source Files</Filter>
    </ClCompile>
    <ClCompile Include="FileUtil.cxx">
      <Filter>Source Files</Filter>
    </ClCompile>
  </ItemGroup>
  <ItemGroup>
    <QtMoc Include="src\GUI\ScantronReader.hxx">
      <Filter>Header Files</Filter>
    </QtMoc>
    <QtMoc Include="src\GUI\SheetLayoutEditor.hxx">
      <Filter>Header Files</Filter>
    </QtMoc>
  </ItemGroup>
  <ItemGroup>
    <QtUic Include="src\GUI\ScantronReader.ui">
      <Filter>Form Files</Filter>
    </QtUic>
    <QtUic Include="src\GUI\SheetLayoutEditor.ui">
      <Filter>Form Files</Filter>
    </QtUic>
  </ItemGroup>
  <ItemGroup>
    <QtRcc Include="ScantronReader.qrc">
      <Filter>Resource Files</Filter>
    </QtRcc>
  </ItemGroup>
  <ItemGroup>
    <ClInclude Include="src\Core\DetectionParams.hxx">
      <Filter>Header Files</Filter>
    </ClInclude>
    <ClInclude Include="src\Core\Exam.hxx">
      <Filter>Header Files</Filter>
    </ClInclude>
    <ClInclude Include="src\Core\ExamConfig.hxx">
      <Filter>Header Files</Filter>
    </ClInclude>
    <ClInclude Include="src\GUI\FilenameOracle.hxx">
      <Filter>Header Files</Filter>
    </ClInclude>
    <ClInclude Include="src\ThirdParty\pugiconfig.hpp">
      <Filter>Header Files</Filter>
    </ClInclude>
    <ClInclude Include="src\ThirdParty\pugixml.hpp">
      <Filter>Header Files</Filter>
    </ClInclude>
    <ClInclude Include="src\GUI\QtLogging.hxx">
      <Filter>Header Files</Filter>
    </ClInclude>
    <ClInclude Include="src\Core\TextLogging.hxx">
      <Filter>Header Files</Filter>
    </ClInclude>
    <ClInclude Include="SheetLayoutElement.hxx">
      <Filter>Header Files</Filter>
    </ClInclude>
    <ClInclude Include="BubbleLayout.hxx">
      <Filter>Header Files</Filter>
    </ClInclude>
    <ClInclude Include="QuestionLayout.hxx">
      <Filter>Header Files</Filter>
    </ClInclude>
    <ClInclude Include="GroupLayout.hxx">
      <Filter>Header Files</Filter>
    </ClInclude>
    <ClInclude Include="SideLayout.hxx">
      <Filter>Header Files</Filter>
    </ClInclude>
    <ClInclude Include="ScanSheetLayout.hxx">
      <Filter>Header Files</Filter>
    </ClInclude>
    <ClInclude Include="src\Core\SheetScan.hxx">
      <Filter>Header Files</Filter>
    </ClInclude>
    <ClInclude Include="LayoutElementContainer.hxx">
      <Filter>Header Files</Filter>
    </ClInclude>
    <ClInclude Include="FileUtil.hxx">
      <Filter>Header Files</Filter>
    </ClInclude>
  </ItemGroup>
  <ItemGroup>
    <Image Include="scantronTest2.png" />
    <Image Include="empty.png" />
  </ItemGroup>
</Project>